
Microsoft Visual Studio Solution File, Format Version 12.00
# Visual Studio Version 17
VisualStudioVersion = 17.3.32804.467
MinimumVisualStudioVersion = 10.0.40219.1
Project("{FAE04EC0-301F-11D3-BF4B-00C04F79EFBC}") = "QLTV", "QLTV.csproj", "{3037E9FF-15B7-4B21-AC9E-A826DE9C551B}"
EndProject
Global
	GlobalSection(SolutionConfigurationPlatforms) = preSolution
		Debug|Any CPU = Debug|Any CPU
		Release|Any CPU = Release|Any CPU
	EndGlobalSection
	GlobalSection(ProjectConfigurationPlatforms) = postSolution
		{3037E9FF-15B7-4B21-AC9E-A826DE9C551B}.Debug|Any CPU.ActiveCfg = Debug|Any CPU
		{3037E9FF-15B7-4B21-AC9E-A826DE9C551B}.Debug|Any CPU.Build.0 = Debug|Any CPU
		{3037E9FF-15B7-4B21-AC9E-A826DE9C551B}.Release|Any CPU.ActiveCfg = Release|Any CPU
		{3037E9FF-15B7-4B21-AC9E-A826DE9C551B}.Release|Any CPU.Build.0 = Release|Any CPU
	EndGlobalSection
	GlobalSection(SolutionProperties) = preSolution
		HideSolutionNode = FALSE
	EndGlobalSection
	GlobalSection(ExtensibilityGlobals) = postSolution
		SolutionGuid = {FADF8366-729D-4EF6-9563-4E83B51C6020}
	EndGlobalSection
EndGlobal
